
Microsoft Visual Studio Solution File, Format Version 12.00
# Visual Studio 15
VisualStudioVersion = 15.0.27130.2020
MinimumVisualStudioVersion = 10.0.40219.1
Project("{9A19103F-16F7-4668-BE54-9A1E7A4F7556}") = "Cyanide", "src\Cyanide\Cyanide.csproj", "{C10C05F2-04B8-4112-A523-F0215318E088}"
EndProject
Project("{FAE04EC0-301F-11D3-BF4B-00C04F79EFBC}") = "Cyanide.Core", "src\Cyanide.Core\Cyanide.Core.csproj", "{F98C6FF5-C31F-473C-A9EB-03D93E0379C1}"
EndProject
Global
	GlobalSection(SolutionConfigurationPlatforms) = preSolution
		Debug|Any CPU = Debug|Any CPU
		Release|Any CPU = Release|Any CPU
	EndGlobalSection
	GlobalSection(ProjectConfigurationPlatforms) = postSolution
		{C10C05F2-04B8-4112-A523-F0215318E088}.Debug|Any CPU.ActiveCfg = Debug|Any CPU
		{C10C05F2-04B8-4112-A523-F0215318E088}.Debug|Any CPU.Build.0 = Debug|Any CPU
		{C10C05F2-04B8-4112-A523-F0215318E088}.Release|Any CPU.ActiveCfg = Release|Any CPU
		{C10C05F2-04B8-4112-A523-F0215318E088}.Release|Any CPU.Build.0 = Release|Any CPU
		{F98C6FF5-C31F-473C-A9EB-03D93E0379C1}.Debug|Any CPU.ActiveCfg = Debug|Any CPU
		{F98C6FF5-C31F-473C-A9EB-03D93E0379C1}.Debug|Any CPU.Build.0 = Debug|Any CPU
		{F98C6FF5-C31F-473C-A9EB-03D93E0379C1}.Release|Any CPU.ActiveCfg = Release|Any CPU
		{F98C6FF5-C31F-473C-A9EB-03D93E0379C1}.Release|Any CPU.Build.0 = Release|Any CPU
	EndGlobalSection
	GlobalSection(SolutionProperties) = preSolution
		HideSolutionNode = FALSE
	EndGlobalSection
	GlobalSection(ExtensibilityGlobals) = postSolution
		SolutionGuid = {2228C3F5-6546-4B9A-B34F-2B95435E5160}
	EndGlobalSection
EndGlobal
